// !$*UTF8*$!
{
	archiveVersion = 1;
	classes = {
	};
	objectVersion = 46;
	objects = {

/* Begin PBXBuildFile section */
		92A8CC2417E7278700B32FC1 /* Foundation.framework in Frameworks */ = {isa = PBXBuildFile; fileRef = 92A8CC2317E7278700B32FC1 /* Foundation.framework */; };
		92A8CC2617E7278700B32FC1 /* CoreGraphics.framework in Frameworks */ = {isa = PBXBuildFile; fileRef = 92A8CC2517E7278700B32FC1 /* CoreGraphics.framework */; };
		92A8CC2817E7278700B32FC1 /* UIKit.framework in Frameworks */ = {isa = PBXBuildFile; fileRef = 92A8CC2717E7278700B32FC1 /* UIKit.framework */; };
		92A8CC2E17E7278700B32FC1 /* InfoPlist.strings in Resources */ = {isa = PBXBuildFile; fileRef = 92A8CC2C17E7278700B32FC1 /* InfoPlist.strings */; };
		92A8CC3017E7278700B32FC1 /* main.m in Sources */ = {isa = PBXBuildFile; fileRef = 92A8CC2F17E7278700B32FC1 /* main.m */; };
		92A8CC3417E7278700B32FC1 /* AppDelegate.m in Sources */ = {isa = PBXBuildFile; fileRef = 92A8CC3317E7278700B32FC1 /* AppDelegate.m */; };
		92A8CC3717E7278700B32FC1 /* Main.storyboard in Resources */ = {isa = PBXBuildFile; fileRef = 92A8CC3517E7278700B32FC1 /* Main.storyboard */; };
		92A8CC3A17E7278700B32FC1 /* ViewController.m in Sources */ = {isa = PBXBuildFile; fileRef = 92A8CC3917E7278700B32FC1 /* ViewController.m */; };
		92A8CC3C17E7278700B32FC1 /* Images.xcassets in Resources */ = {isa = PBXBuildFile; fileRef = 92A8CC3B17E7278700B32FC1 /* Images.xcassets */; };
		92A8CC4317E7278800B32FC1 /* XCTest.framework in Frameworks */ = {isa = PBXBuildFile; fileRef = 92A8CC4217E7278800B32FC1 /* XCTest.framework */; };
		92A8CC4417E7278800B32FC1 /* Foundation.framework in Frameworks */ = {isa = PBXBuildFile; fileRef = 92A8CC2317E7278700B32FC1 /* Foundation.framework */; };
		92A8CC4517E7278800B32FC1 /* UIKit.framework in Frameworks */ = {isa = PBXBuildFile; fileRef = 92A8CC2717E7278700B32FC1 /* UIKit.framework */; };
		92A8CC4D17E7278800B32FC1 /* InfoPlist.strings in Resources */ = {isa = PBXBuildFile; fileRef = 92A8CC4B17E7278800B32FC1 /* InfoPlist.strings */; };
		92A8CC4F17E7278800B32FC1 /* Simple_Server_Mess_AroundTests.m in Sources */ = {isa = PBXBuildFile; fileRef = 92A8CC4E17E7278800B32FC1 /* Simple_Server_Mess_AroundTests.m */; };
/* End PBXBuildFile section */

/* Begin PBXContainerItemProxy section */
		92A8CC4617E7278800B32FC1 /* PBXContainerItemProxy */ = {
			isa = PBXContainerItemProxy;
			containerPortal = 92A8CC1817E7278700B32FC1 /* Project object */;
			proxyType = 1;
			remoteGlobalIDString = 92A8CC1F17E7278700B32FC1;
			remoteInfo = "Simple Server Mess Around";
		};
/* End PBXContainerItemProxy section */

/* Begin PBXFileReference section */
		92A8CC2017E7278700B32FC1 /* Simple Server Mess Around.app */ = {isa = PBXFileReference; explicitFileType = wrapper.application; includeInIndex = 0; path = "Simple Server Mess Around.app"; sourceTree = BUILT_PRODUCTS_DIR; };
		92A8CC2317E7278700B32FC1 /* Foundation.framework */ = {isa = PBXFileReference; lastKnownFileType = wrapper.framework; name = Foundation.framework; path = System/Library/Frameworks/Foundation.framework; sourceTree = SDKROOT; };
		92A8CC2517E7278700B32FC1 /* CoreGraphics.framework */ = {isa = PBXFileReference; lastKnownFileType = wrapper.framework; name = CoreGraphics.framework; path = System/Library/Frameworks/CoreGraphics.framework; sourceTree = SDKROOT; };
		92A8CC2717E7278700B32FC1 /* UIKit.framework */ = {isa = PBXFileReference; lastKnownFileType = wrapper.framework; name = UIKit.framework; path = System/Library/Frameworks/UIKit.framework; sourceTree = SDKROOT; };
		92A8CC2B17E7278700B32FC1 /* Simple Server Mess Around-Info.plist */ = {isa = PBXFileReference; lastKnownFileType = text.plist.xml; path = "Simple Server Mess Around-Info.plist"; sourceTree = "<group>"; };
		92A8CC2D17E7278700B32FC1 /* en */ = {isa = PBXFileReference; lastKnownFileType = text.plist.strings; name = en; path = en.lproj/InfoPlist.strings; sourceTree = "<group>"; };
		92A8CC2F17E7278700B32FC1 /* main.m */ = {isa = PBXFileReference; lastKnownFileType = sourcecode.c.objc; path = main.m; sourceTree = "<group>"; };
		92A8CC3117E7278700B32FC1 /* Simple Server Mess Around-Prefix.pch */ = {isa = PBXFileReference; lastKnownFileType = sourcecode.c.h; path = "Simple Server Mess Around-Prefix.pch"; sourceTree = "<group>"; };
		92A8CC3217E7278700B32FC1 /* AppDelegate.h */ = {isa = PBXFileReference; lastKnownFileType = sourcecode.c.h; path = AppDelegate.h; sourceTree = "<group>"; };
		92A8CC3317E7278700B32FC1 /* AppDelegate.m */ = {isa = PBXFileReference; lastKnownFileType = sourcecode.c.objc; path = AppDelegate.m; sourceTree = "<group>"; };
		92A8CC3617E7278700B32FC1 /* Base */ = {isa = PBXFileReference; lastKnownFileType = file.storyboard; name = Base; path = Base.lproj/Main.storyboard; sourceTree = "<group>"; };
		92A8CC3817E7278700B32FC1 /* ViewController.h */ = {isa = PBXFileReference; lastKnownFileType = sourcecode.c.h; path = ViewController.h; sourceTree = "<group>"; };
		92A8CC3917E7278700B32FC1 /* ViewController.m */ = {isa = PBXFileReference; lastKnownFileType = sourcecode.c.objc; path = ViewController.m; sourceTree = "<group>"; };
		92A8CC3B17E7278700B32FC1 /* Images.xcassets */ = {isa = PBXFileReference; lastKnownFileType = folder.assetcatalog; path = Images.xcassets; sourceTree = "<group>"; };
		92A8CC4117E7278800B32FC1 /* Simple Server Mess AroundTests.xctest */ = {isa = PBXFileReference; explicitFileType = wrapper.cfbundle; includeInIndex = 0; path = "Simple Server Mess AroundTests.xctest"; sourceTree = BUILT_PRODUCTS_DIR; };
		92A8CC4217E7278800B32FC1 /* XCTest.framework */ = {isa = PBXFileReference; lastKnownFileType = wrapper.framework; name = XCTest.framework; path = Library/Frameworks/XCTest.framework; sourceTree = DEVELOPER_DIR; };
		92A8CC4A17E7278800B32FC1 /* Simple Server Mess AroundTests-Info.plist */ = {isa = PBXFileReference; lastKnownFileType = text.plist.xml; path = "Simple Server Mess AroundTests-Info.plist"; sourceTree = "<group>"; };
		92A8CC4C17E7278800B32FC1 /* en */ = {isa = PBXFileReference; lastKnownFileType = text.plist.strings; name = en; path = en.lproj/InfoPlist.strings; sourceTree = "<group>"; };
		92A8CC4E17E7278800B32FC1 /* Simple_Server_Mess_AroundTests.m */ = {isa = PBXFileReference; lastKnownFileType = sourcecode.c.objc; path = Simple_Server_Mess_AroundTests.m; sourceTree = "<group>"; };
/* End PBXFileReference section */

/* Begin PBXFrameworksBuildPhase section */
		92A8CC1D17E7278700B32FC1 /* Frameworks */ = {
			isa = PBXFrameworksBuildPhase;
			buildActionMask = 2147483647;
			files = (
				92A8CC2617E7278700B32FC1 /* CoreGraphics.framework in Frameworks */,
				92A8CC2817E7278700B32FC1 /* UIKit.framework in Frameworks */,
				92A8CC2417E7278700B32FC1 /* Foundation.framework in Frameworks */,
			);
			runOnlyForDeploymentPostprocessing = 0;
		};
		92A8CC3E17E7278800B32FC1 /* Frameworks */ = {
			isa = PBXFrameworksBuildPhase;
			buildActionMask = 2147483647;
			files = (
				92A8CC4317E7278800B32FC1 /* XCTest.framework in Frameworks */,
				92A8CC4517E7278800B32FC1 /* UIKit.framework in Frameworks */,
				92A8CC4417E7278800B32FC1 /* Foundation.framework in Frameworks */,
			);
			runOnlyForDeploymentPostprocessing = 0;
		};
/* End PBXFrameworksBuildPhase section */

/* Begin PBXGroup section */
		92A8CC1717E7278700B32FC1 = {
			isa = PBXGroup;
			children = (
				92A8CC2917E7278700B32FC1 /* Simple Server Mess Around */,
				92A8CC4817E7278800B32FC1 /* Simple Server Mess AroundTests */,
				92A8CC2217E7278700B32FC1 /* Frameworks */,
				92A8CC2117E7278700B32FC1 /* Products */,
			);
			sourceTree = "<group>";
		};
		92A8CC2117E7278700B32FC1 /* Products */ = {
			isa = PBXGroup;
			children = (
				92A8CC2017E7278700B32FC1 /* Simple Server Mess Around.app */,
				92A8CC4117E7278800B32FC1 /* Simple Server Mess AroundTests.xctest */,
			);
			name = Products;
			sourceTree = "<group>";
		};
		92A8CC2217E7278700B32FC1 /* Frameworks */ = {
			isa = PBXGroup;
			children = (
				92A8CC2317E7278700B32FC1 /* Foundation.framework */,
				92A8CC2517E7278700B32FC1 /* CoreGraphics.framework */,
				92A8CC2717E7278700B32FC1 /* UIKit.framework */,
				92A8CC4217E7278800B32FC1 /* XCTest.framework */,
			);
			name = Frameworks;
			sourceTree = "<group>";
		};
		92A8CC2917E7278700B32FC1 /* Simple Server Mess Around */ = {
			isa = PBXGroup;
			children = (
				92A8CC3217E7278700B32FC1 /* AppDelegate.h */,
				92A8CC3317E7278700B32FC1 /* AppDelegate.m */,
				92A8CC3517E7278700B32FC1 /* Main.storyboard */,
				92A8CC3817E7278700B32FC1 /* ViewController.h */,
				92A8CC3917E7278700B32FC1 /* ViewController.m */,
				92A8CC3B17E7278700B32FC1 /* Images.xcassets */,
				92A8CC2A17E7278700B32FC1 /* Supporting Files */,
			);
			path = "Simple Server Mess Around";
			sourceTree = "<group>";
		};
		92A8CC2A17E7278700B32FC1 /* Supporting Files */ = {
			isa = PBXGroup;
			children = (
				92A8CC2B17E7278700B32FC1 /* Simple Server Mess Around-Info.plist */,
				92A8CC2C17E7278700B32FC1 /* InfoPlist.strings */,
				92A8CC2F17E7278700B32FC1 /* main.m */,
				92A8CC3117E7278700B32FC1 /* Simple Server Mess Around-Prefix.pch */,
			);
			name = "Supporting Files";
			sourceTree = "<group>";
		};
		92A8CC4817E7278800B32FC1 /* Simple Server Mess AroundTests */ = {
			isa = PBXGroup;
			children = (
				92A8CC4E17E7278800B32FC1 /* Simple_Server_Mess_AroundTests.m */,
				92A8CC4917E7278800B32FC1 /* Supporting Files */,
			);
			path = "Simple Server Mess AroundTests";
			sourceTree = "<group>";
		};
		92A8CC4917E7278800B32FC1 /* Supporting Files */ = {
			isa = PBXGroup;
			children = (
				92A8CC4A17E7278800B32FC1 /* Simple Server Mess AroundTests-Info.plist */,
				92A8CC4B17E7278800B32FC1 /* InfoPlist.strings */,
			);
			name = "Supporting Files";
			sourceTree = "<group>";
		};
/* End PBXGroup section */

/* Begin PBXNativeTarget section */
		92A8CC1F17E7278700B32FC1 /* Simple Server Mess Around */ = {
			isa = PBXNativeTarget;
			buildConfigurationList = 92A8CC5217E7278800B32FC1 /* Build configuration list for PBXNativeTarget "Simple Server Mess Around" */;
			buildPhases = (
				92A8CC1C17E7278700B32FC1 /* Sources */,
				92A8CC1D17E7278700B32FC1 /* Frameworks */,
				92A8CC1E17E7278700B32FC1 /* Resources */,
			);
			buildRules = (
			);
			dependencies = (
			);
			name = "Simple Server Mess Around";
			productName = "Simple Server Mess Around";
			productReference = 92A8CC2017E7278700B32FC1 /* Simple Server Mess Around.app */;
			productType = "com.apple.product-type.application";
		};
		92A8CC4017E7278800B32FC1 /* Simple Server Mess AroundTests */ = {
			isa = PBXNativeTarget;
			buildConfigurationList = 92A8CC5517E7278800B32FC1 /* Build configuration list for PBXNativeTarget "Simple Server Mess AroundTests" */;
			buildPhases = (
				92A8CC3D17E7278800B32FC1 /* Sources */,
				92A8CC3E17E7278800B32FC1 /* Frameworks */,
				92A8CC3F17E7278800B32FC1 /* Resources */,
			);
			buildRules = (
			);
			dependencies = (
				92A8CC4717E7278800B32FC1 /* PBXTargetDependency */,
			);
			name = "Simple Server Mess AroundTests";
			productName = "Simple Server Mess AroundTests";
			productReference = 92A8CC4117E7278800B32FC1 /* Simple Server Mess AroundTests.xctest */;
			productType = "com.apple.product-type.bundle.unit-test";
		};
/* End PBXNativeTarget section */

/* Begin PBXProject section */
		92A8CC1817E7278700B32FC1 /* Project object */ = {
			isa = PBXProject;
			attributes = {
				LastUpgradeCheck = 0500;
				ORGANIZATIONNAME = "Zachary Waleed Saraf";
				TargetAttributes = {
					92A8CC4017E7278800B32FC1 = {
						TestTargetID = 92A8CC1F17E7278700B32FC1;
					};
				};
			};
			buildConfigurationList = 92A8CC1B17E7278700B32FC1 /* Build configuration list for PBXProject "Simple Server Mess Around" */;
			compatibilityVersion = "Xcode 3.2";
			developmentRegion = English;
			hasScannedForEncodings = 0;
			knownRegions = (
				en,
				Base,
			);
			mainGroup = 92A8CC1717E7278700B32FC1;
			productRefGroup = 92A8CC2117E7278700B32FC1 /* Products */;
			projectDirPath = "";
			projectRoot = "";
			targets = (
				92A8CC1F17E7278700B32FC1 /* Simple Server Mess Around */,
				92A8CC4017E7278800B32FC1 /* Simple Server Mess AroundTests */,
			);
		};
/* End PBXProject section */

/* Begin PBXResourcesBuildPhase section */
		92A8CC1E17E7278700B32FC1 /* Resources */ = {
			isa = PBXResourcesBuildPhase;
			buildActionMask = 2147483647;
			files = (
				92A8CC3C17E7278700B32FC1 /* Images.xcassets in Resources */,
				92A8CC2E17E7278700B32FC1 /* InfoPlist.strings in Resources */,
				92A8CC3717E7278700B32FC1 /* Main.storyboard in Resources */,
			);
			runOnlyForDeploymentPostprocessing = 0;
		};
		92A8CC3F17E7278800B32FC1 /* Resources */ = {
			isa = PBXResourcesBuildPhase;
			buildActionMask = 2147483647;
			files = (
				92A8CC4D17E7278800B32FC1 /* InfoPlist.strings in Resources */,
			);
			runOnlyForDeploymentPostprocessing = 0;
		};
/* End PBXResourcesBuildPhase section */

/* Begin PBXSourcesBuildPhase section */
		92A8CC1C17E7278700B32FC1 /* Sources */ = {
			isa = PBXSourcesBuildPhase;
			buildActionMask = 2147483647;
			files = (
				92A8CC3A17E7278700B32FC1 /* ViewController.m in Sources */,
				92A8CC3417E7278700B32FC1 /* AppDelegate.m in Sources */,
				92A8CC3017E7278700B32FC1 /* main.m in Sources */,
			);
			runOnlyForDeploymentPostprocessing = 0;
		};
		92A8CC3D17E7278800B32FC1 /* Sources */ = {
			isa = PBXSourcesBuildPhase;
			buildActionMask = 2147483647;
			files = (
				92A8CC4F17E7278800B32FC1 /* Simple_Server_Mess_AroundTests.m in Sources */,
			);
			runOnlyForDeploymentPostprocessing = 0;
		};
/* End PBXSourcesBuildPhase section */

/* Begin PBXTargetDependency section */
		92A8CC4717E7278800B32FC1 /* PBXTargetDependency */ = {
			isa = PBXTargetDependency;
			target = 92A8CC1F17E7278700B32FC1 /* Simple Server Mess Around */;
			targetProxy = 92A8CC4617E7278800B32FC1 /* PBXContainerItemProxy */;
		};
/* End PBXTargetDependency section */

/* Begin PBXVariantGroup section */
		92A8CC2C17E7278700B32FC1 /* InfoPlist.strings */ = {
			isa = PBXVariantGroup;
			children = (
				92A8CC2D17E7278700B32FC1 /* en */,
			);
			name = InfoPlist.strings;
			sourceTree = "<group>";
		};
		92A8CC3517E7278700B32FC1 /* Main.storyboard */ = {
			isa = PBXVariantGroup;
			children = (
				92A8CC3617E7278700B32FC1 /* Base */,
			);
			name = Main.storyboard;
			sourceTree = "<group>";
		};
		92A8CC4B17E7278800B32FC1 /* InfoPlist.strings */ = {
			isa = PBXVariantGroup;
			children = (
				92A8CC4C17E7278800B32FC1 /* en */,
			);
			name = InfoPlist.strings;
			sourceTree = "<group>";
		};
/* End PBXVariantGroup section */

/* Begin XCBuildConfiguration section */
		92A8CC5017E7278800B32FC1 /* Debug */ = {
			isa = XCBuildConfiguration;
			buildSettings = {
				ALWAYS_SEARCH_USER_PATHS = NO;
				ARCHS = "$(ARCHS_STANDARD_INCLUDING_64_BIT)";
				CLANG_CXX_LANGUAGE_STANDARD = "gnu++0x";
				CLANG_CXX_LIBRARY = "libc++";
				CLANG_ENABLE_MODULES = YES;
				CLANG_ENABLE_OBJC_ARC = YES;
				CLANG_WARN_BOOL_CONVERSION = YES;
				CLANG_WARN_CONSTANT_CONVERSION = YES;
				CLANG_WARN_DIRECT_OBJC_ISA_USAGE = YES_ERROR;
				CLANG_WARN_EMPTY_BODY = YES;
				CLANG_WARN_ENUM_CONVERSION = YES;
				CLANG_WARN_INT_CONVERSION = YES;
				CLANG_WARN_OBJC_ROOT_CLASS = YES_ERROR;
				CLANG_WARN__DUPLICATE_METHOD_MATCH = YES;
				"CODE_SIGN_IDENTITY[sdk=iphoneos*]" = "iPhone Developer";
				COPY_PHASE_STRIP = NO;
				GCC_C_LANGUAGE_STANDARD = gnu99;
				GCC_DYNAMIC_NO_PIC = NO;
				GCC_OPTIMIZATION_LEVEL = 0;
				GCC_PREPROCESSOR_DEFINITIONS = (
					"DEBUG=1",
					"$(inherited)",
				);
				GCC_SYMBOLS_PRIVATE_EXTERN = NO;
				GCC_WARN_64_TO_32_BIT_CONVERSION = YES;
				GCC_WARN_ABOUT_RETURN_TYPE = YES_ERROR;
				GCC_WARN_UNDECLARED_SELECTOR = YES;
				GCC_WARN_UNINITIALIZED_AUTOS = YES;
				GCC_WARN_UNUSED_FUNCTION = YES;
				GCC_WARN_UNUSED_VARIABLE = YES;
				IPHONEOS_DEPLOYMENT_TARGET = 7.0;
				ONLY_ACTIVE_ARCH = YES;
				SDKROOT = iphoneos;
			};
			name = Debug;
		};
		92A8CC5117E7278800B32FC1 /* Release */ = {
			isa = XCBuildConfiguration;
			buildSettings = {
				ALWAYS_SEARCH_USER_PATHS = NO;
				ARCHS = "$(ARCHS_STANDARD_INCLUDING_64_BIT)";
				CLANG_CXX_LANGUAGE_STANDARD = "gnu++0x";
				CLANG_CXX_LIBRARY = "libc++";
				CLANG_ENABLE_MODULES = YES;
				CLANG_ENABLE_OBJC_ARC = YES;
				CLANG_WARN_BOOL_CONVERSION = YES;
				CLANG_WARN_CONSTANT_CONVERSION = YES;
				CLANG_WARN_DIRECT_OBJC_ISA_USAGE = YES_ERROR;
				CLANG_WARN_EMPTY_BODY = YES;
				CLANG_WARN_ENUM_CONVERSION = YES;
				CLANG_WARN_INT_CONVERSION = YES;
				CLANG_WARN_OBJC_ROOT_CLASS = YES_ERROR;
				CLANG_WARN__DUPLICATE_METHOD_MATCH = YES;
				"CODE_SIGN_IDENTITY[sdk=iphoneos*]" = "iPhone Developer";
				COPY_PHASE_STRIP = YES;
				ENABLE_NS_ASSERTIONS = NO;
				GCC_C_LANGUAGE_STANDARD = gnu99;
				GCC_WARN_64_TO_32_BIT_CONVERSION = YES;
				GCC_WARN_ABOUT_RETURN_TYPE = YES_ERROR;
				GCC_WARN_UNDECLARED_SELECTOR = YES;
				GCC_WARN_UNINITIALIZED_AUTOS = YES;
				GCC_WARN_UNUSED_FUNCTION = YES;
				GCC_WARN_UNUSED_VARIABLE = YES;
				IPHONEOS_DEPLOYMENT_TARGET = 7.0;
				SDKROOT = iphoneos;
				VALIDATE_PRODUCT = YES;
			};
			name = Release;
		};
		92A8CC5317E7278800B32FC1 /* Debug */ = {
			isa = XCBuildConfiguration;
			buildSettings = {
				ASSETCATALOG_COMPILER_APPICON_NAME = AppIcon;
				ASSETCATALOG_COMPILER_LAUNCHIMAGE_NAME = LaunchImage;
				GCC_PRECOMPILE_PREFIX_HEADER = YES;
				GCC_PREFIX_HEADER = "Simple Server Mess Around/Simple Server Mess Around-Prefix.pch";
				INFOPLIST_FILE = "Simple Server Mess Around/Simple Server Mess Around-Info.plist";
				PRODUCT_NAME = "$(TARGET_NAME)";
				WRAPPER_EXTENSION = app;
			};
			name = Debug;
		};
		92A8CC5417E7278800B32FC1 /* Release */ = {
			isa = XCBuildConfiguration;
			buildSettings = {
				ASSETCATALOG_COMPILER_APPICON_NAME = AppIcon;
				ASSETCATALOG_COMPILER_LAUNCHIMAGE_NAME = LaunchImage;
				GCC_PRECOMPILE_PREFIX_HEADER = YES;
				GCC_PREFIX_HEADER = "Simple Server Mess Around/Simple Server Mess Around-Prefix.pch";
				INFOPLIST_FILE = "Simple Server Mess Around/Simple Server Mess Around-Info.plist";
				PRODUCT_NAME = "$(TARGET_NAME)";
				WRAPPER_EXTENSION = app;
			};
			name = Release;
		};
		92A8CC5617E7278800B32FC1 /* Debug */ = {
			isa = XCBuildConfiguration;
			buildSettings = {
				ARCHS = "$(ARCHS_STANDARD_INCLUDING_64_BIT)";
				BUNDLE_LOADER = "$(BUILT_PRODUCTS_DIR)/Simple Server Mess Around.app/Simple Server Mess Around";
				FRAMEWORK_SEARCH_PATHS = (
					"$(SDKROOT)/Developer/Library/Frameworks",
					"$(inherited)",
					"$(DEVELOPER_FRAMEWORKS_DIR)",
				);
				GCC_PRECOMPILE_PREFIX_HEADER = YES;
				GCC_PREFIX_HEADER = "Simple Server Mess Around/Simple Server Mess Around-Prefix.pch";
				GCC_PREPROCESSOR_DEFINITIONS = (
					"DEBUG=1",
					"$(inherited)",
				);
				INFOPLIST_FILE = "Simple Server Mess AroundTests/Simple Server Mess AroundTests-Info.plist";
				PRODUCT_NAME = "$(TARGET_NAME)";
				TEST_HOST = "$(BUNDLE_LOADER)";
				WRAPPER_EXTENSION = xctest;
			};
			name = Debug;
		};
		92A8CC5717E7278800B32FC1 /* Release */ = {
			isa = XCBuildConfiguration;
			buildSettings = {
				ARCHS = "$(ARCHS_STANDARD_INCLUDING_64_BIT)";
				BUNDLE_LOADER = "$(BUILT_PRODUCTS_DIR)/Simple Server Mess Around.app/Simple Server Mess Around";
				FRAMEWORK_SEARCH_PATHS = (
					"$(SDKROOT)/Developer/Library/Frameworks",
					"$(inherited)",
					"$(DEVELOPER_FRAMEWORKS_DIR)",
				);
				GCC_PRECOMPILE_PREFIX_HEADER = YES;
				GCC_PREFIX_HEADER = "Simple Server Mess Around/Simple Server Mess Around-Prefix.pch";
				INFOPLIST_FILE = "Simple Server Mess AroundTests/Simple Server Mess AroundTests-Info.plist";
				PRODUCT_NAME = "$(TARGET_NAME)";
				TEST_HOST = "$(BUNDLE_LOADER)";
				WRAPPER_EXTENSION = xctest;
			};
			name = Release;
		};
/* End XCBuildConfiguration section */

/* Begin XCConfigurationList section */
		92A8CC1B17E7278700B32FC1 /* Build configuration list for PBXProject "Simple Server Mess Around" */ = {
			isa = XCConfigurationList;
			buildConfigurations = (
				92A8CC5017E7278800B32FC1 /* Debug */,
				92A8CC5117E7278800B32FC1 /* Release */,
			);
			defaultConfigurationIsVisible = 0;
			defaultConfigurationName = Release;
		};
		92A8CC5217E7278800B32FC1 /* Build configuration list for PBXNativeTarget "Simple Server Mess Around" */ = {
			isa = XCConfigurationList;
			buildConfigurations = (
				92A8CC5317E7278800B32FC1 /* Debug */,
				92A8CC5417E7278800B32FC1 /* Release */,
			);
			defaultConfigurationIsVisible = 0;
		};
		92A8CC5517E7278800B32FC1 /* Build configuration list for PBXNativeTarget "Simple Server Mess AroundTests" */ = {
			isa = XCConfigurationList;
			buildConfigurations = (
				92A8CC5617E7278800B32FC1 /* Debug */,
				92A8CC5717E7278800B32FC1 /* Release */,
			);
			defaultConfigurationIsVisible = 0;
		};
/* End XCConfigurationList section */
	};
	rootObject = 92A8CC1817E7278700B32FC1 /* Project object */;
}
